<?xml version="1.0" encoding="utf-8"?>
<Project ToolsVersion="4.0" xmlns="http://schemas.microsoft.com/developer/msbuild/2003">
  <ItemGroup>
    <Filter Include="src">
      <UniqueIdentifier>{a2a97eae-113f-4787-be50-6823cbf45456}</UniqueIdentifier>
    </Filter>
    <Filter Include="include">
      <UniqueIdentifier>{2afa221e-1bde-48c8-873f-2e8f44df8781}</UniqueIdentifier>
    </Filter>
  </ItemGroup>
  <ItemGroup>
    <NASM Include="watermelon.asm">
      <Filter>src</Filter>
    </NASM>
  </ItemGroup>
</Project>